
Microsoft Visual Studio Solution File, Format Version 12.00
# Visual Studio Version 17
VisualStudioVersion = 17.0.31825.309
MinimumVisualStudioVersion = 10.0.40219.1
Project("{FAE04EC0-301F-11D3-BF4B-00C04F79EFBC}") = "listaCSharp", "listaCSharp\listaCSharp.csproj", "{BF595528-0499-4DB4-9A6F-C46EA3F687DD}"
EndProject
Global
	GlobalSection(SolutionConfigurationPlatforms) = preSolution
		Debug|Any CPU = Debug|Any CPU
		Release|Any CPU = Release|Any CPU
	EndGlobalSection
	GlobalSection(ProjectConfigurationPlatforms) = postSolution
		{BF595528-0499-4DB4-9A6F-C46EA3F687DD}.Debug|Any CPU.ActiveCfg = Debug|Any CPU
		{BF595528-0499-4DB4-9A6F-C46EA3F687DD}.Debug|Any CPU.Build.0 = Debug|Any CPU
		{BF595528-0499-4DB4-9A6F-C46EA3F687DD}.Release|Any CPU.ActiveCfg = Release|Any CPU
		{BF595528-0499-4DB4-9A6F-C46EA3F687DD}.Release|Any CPU.Build.0 = Release|Any CPU
	EndGlobalSection
	GlobalSection(SolutionProperties) = preSolution
		HideSolutionNode = FALSE
	EndGlobalSection
	GlobalSection(ExtensibilityGlobals) = postSolution
		SolutionGuid = {E9CFE434-8CD2-44E2-9145-18274620F219}
	EndGlobalSection
EndGlobal
